
Microsoft Visual Studio Solution File, Format Version 12.00
# Visual Studio Version 17
VisualStudioVersion = 17.11.35312.102
MinimumVisualStudioVersion = 10.0.40219.1
Project("{FAE04EC0-301F-11D3-BF4B-00C04F79EFBC}") = "NoteTakingApp", "NoteTakingApp\NoteTakingApp.csproj", "{B2E4F842-C030-4BBB-ACAA-371825211D90}"
EndProject
Global
	GlobalSection(SolutionConfigurationPlatforms) = preSolution
		Debug|Any CPU = Debug|Any CPU
		Release|Any CPU = Release|Any CPU
	EndGlobalSection
	GlobalSection(ProjectConfigurationPlatforms) = postSolution
		{B2E4F842-C030-4BBB-ACAA-371825211D90}.Debug|Any CPU.ActiveCfg = Debug|Any CPU
		{B2E4F842-C030-4BBB-ACAA-371825211D90}.Debug|Any CPU.Build.0 = Debug|Any CPU
		{B2E4F842-C030-4BBB-ACAA-371825211D90}.Release|Any CPU.ActiveCfg = Release|Any CPU
		{B2E4F842-C030-4BBB-ACAA-371825211D90}.Release|Any CPU.Build.0 = Release|Any CPU
	EndGlobalSection
	GlobalSection(SolutionProperties) = preSolution
		HideSolutionNode = FALSE
	EndGlobalSection
	GlobalSection(ExtensibilityGlobals) = postSolution
		SolutionGuid = {605C30D3-72F1-4EDC-9A96-B695A22B898A}
	EndGlobalSection
EndGlobal
