
Microsoft Visual Studio Solution File, Format Version 12.00
# Visual Studio Version 17
VisualStudioVersion = 17.11.35312.102
MinimumVisualStudioVersion = 10.0.40219.1
Project("{FAE04EC0-301F-11D3-BF4B-00C04F79EFBC}") = "StackUsingList", "StackUsingList\StackUsingList.csproj", "{331620C5-E7D5-4B75-BAA9-ED899EB28F60}"
EndProject
Global
	GlobalSection(SolutionConfigurationPlatforms) = preSolution
		Debug|Any CPU = Debug|Any CPU
		Release|Any CPU = Release|Any CPU
	EndGlobalSection
	GlobalSection(ProjectConfigurationPlatforms) = postSolution
		{331620C5-E7D5-4B75-BAA9-ED899EB28F60}.Debug|Any CPU.ActiveCfg = Debug|Any CPU
		{331620C5-E7D5-4B75-BAA9-ED899EB28F60}.Debug|Any CPU.Build.0 = Debug|Any CPU
		{331620C5-E7D5-4B75-BAA9-ED899EB28F60}.Release|Any CPU.ActiveCfg = Release|Any CPU
		{331620C5-E7D5-4B75-BAA9-ED899EB28F60}.Release|Any CPU.Build.0 = Release|Any CPU
	EndGlobalSection
	GlobalSection(SolutionProperties) = preSolution
		HideSolutionNode = FALSE
	EndGlobalSection
	GlobalSection(ExtensibilityGlobals) = postSolution
		SolutionGuid = {F426F048-E924-4B7E-842B-AE97713E7FF3}
	EndGlobalSection
EndGlobal
