
Microsoft Visual Studio Solution File, Format Version 12.00
# Visual Studio Version 17
VisualStudioVersion = 17.11.35312.102
MinimumVisualStudioVersion = 10.0.40219.1
Project("{FAE04EC0-301F-11D3-BF4B-00C04F79EFBC}") = "Assignment", "ConsoleApp1\Assignment.csproj", "{497E427E-2C84-484A-B072-4483D2B5FA26}"
EndProject
Global
	GlobalSection(SolutionConfigurationPlatforms) = preSolution
		Debug|Any CPU = Debug|Any CPU
		Release|Any CPU = Release|Any CPU
	EndGlobalSection
	GlobalSection(ProjectConfigurationPlatforms) = postSolution
		{497E427E-2C84-484A-B072-4483D2B5FA26}.Debug|Any CPU.ActiveCfg = Debug|Any CPU
		{497E427E-2C84-484A-B072-4483D2B5FA26}.Debug|Any CPU.Build.0 = Debug|Any CPU
		{497E427E-2C84-484A-B072-4483D2B5FA26}.Release|Any CPU.ActiveCfg = Release|Any CPU
		{497E427E-2C84-484A-B072-4483D2B5FA26}.Release|Any CPU.Build.0 = Release|Any CPU
	EndGlobalSection
	GlobalSection(SolutionProperties) = preSolution
		HideSolutionNode = FALSE
	EndGlobalSection
	GlobalSection(ExtensibilityGlobals) = postSolution
		SolutionGuid = {CFFCD5E4-029E-44EC-A391-52F6C1CF1E80}
	EndGlobalSection
EndGlobal
