
Microsoft Visual Studio Solution File, Format Version 12.00
# Visual Studio Version 17
VisualStudioVersion = 17.11.35312.102
MinimumVisualStudioVersion = 10.0.40219.1
Project("{FAE04EC0-301F-11D3-BF4B-00C04F79EFBC}") = "Q1", "Q1\Q1.csproj", "{A56488C4-D663-479E-AAB4-F7EA6FA30634}"
EndProject
Project("{FAE04EC0-301F-11D3-BF4B-00C04F79EFBC}") = "Q2", "..\Q2\Q2.csproj", "{087BCDAD-C700-4E78-944C-BD90478AAE76}"
EndProject
Project("{FAE04EC0-301F-11D3-BF4B-00C04F79EFBC}") = "BookandMember", "..\BookandMember\BookandMember.csproj", "{EA057C50-34AA-4D1D-B222-D5162372496F}"
EndProject
Project("{FAE04EC0-301F-11D3-BF4B-00C04F79EFBC}") = "NewProject", "..\NewProject\NewProject.csproj", "{19AF692D-78C6-4ACB-B6DF-E3C9DAFF2629}"
EndProject
Project("{FAE04EC0-301F-11D3-BF4B-00C04F79EFBC}") = "SqlInsert", "..\SqlInsert\SqlInsert.csproj", "{D1479BBE-90E4-44E9-97AE-22EF8F00311E}"
EndProject
Project("{FAE04EC0-301F-11D3-BF4B-00C04F79EFBC}") = "SqlSelect", "..\SqlSelect\SqlSelect.csproj", "{EE5EFC13-771D-40D2-B3C7-BDA57E50D25F}"
EndProject
Project("{FAE04EC0-301F-11D3-BF4B-00C04F79EFBC}") = "SqlInsertFromList", "..\SqlInsertFromList\SqlInsertFromList.csproj", "{39140601-D8E3-444D-A036-78F16D4F8B26}"
EndProject
Project("{FAE04EC0-301F-11D3-BF4B-00C04F79EFBC}") = "ContactManagement", "..\ContactManagement\ContactManagement.csproj", "{B8CE9EEE-3382-4568-8816-B8D770E8D64C}"
EndProject
Global
	GlobalSection(SolutionConfigurationPlatforms) = preSolution
		Debug|Any CPU = Debug|Any CPU
		Release|Any CPU = Release|Any CPU
	EndGlobalSection
	GlobalSection(ProjectConfigurationPlatforms) = postSolution
		{A56488C4-D663-479E-AAB4-F7EA6FA30634}.Debug|Any CPU.ActiveCfg = Debug|Any CPU
		{A56488C4-D663-479E-AAB4-F7EA6FA30634}.Debug|Any CPU.Build.0 = Debug|Any CPU
		{A56488C4-D663-479E-AAB4-F7EA6FA30634}.Release|Any CPU.ActiveCfg = Release|Any CPU
		{A56488C4-D663-479E-AAB4-F7EA6FA30634}.Release|Any CPU.Build.0 = Release|Any CPU
		{087BCDAD-C700-4E78-944C-BD90478AAE76}.Debug|Any CPU.ActiveCfg = Debug|Any CPU
		{087BCDAD-C700-4E78-944C-BD90478AAE76}.Debug|Any CPU.Build.0 = Debug|Any CPU
		{087BCDAD-C700-4E78-944C-BD90478AAE76}.Release|Any CPU.ActiveCfg = Release|Any CPU
		{087BCDAD-C700-4E78-944C-BD90478AAE76}.Release|Any CPU.Build.0 = Release|Any CPU
		{EA057C50-34AA-4D1D-B222-D5162372496F}.Debug|Any CPU.ActiveCfg = Debug|Any CPU
		{EA057C50-34AA-4D1D-B222-D5162372496F}.Debug|Any CPU.Build.0 = Debug|Any CPU
		{EA057C50-34AA-4D1D-B222-D5162372496F}.Release|Any CPU.ActiveCfg = Release|Any CPU
		{EA057C50-34AA-4D1D-B222-D5162372496F}.Release|Any CPU.Build.0 = Release|Any CPU
		{19AF692D-78C6-4ACB-B6DF-E3C9DAFF2629}.Debug|Any CPU.ActiveCfg = Debug|Any CPU
		{19AF692D-78C6-4ACB-B6DF-E3C9DAFF2629}.Debug|Any CPU.Build.0 = Debug|Any CPU
		{19AF692D-78C6-4ACB-B6DF-E3C9DAFF2629}.Release|Any CPU.ActiveCfg = Release|Any CPU
		{19AF692D-78C6-4ACB-B6DF-E3C9DAFF2629}.Release|Any CPU.Build.0 = Release|Any CPU
		{D1479BBE-90E4-44E9-97AE-22EF8F00311E}.Debug|Any CPU.ActiveCfg = Debug|Any CPU
		{D1479BBE-90E4-44E9-97AE-22EF8F00311E}.Debug|Any CPU.Build.0 = Debug|Any CPU
		{D1479BBE-90E4-44E9-97AE-22EF8F00311E}.Release|Any CPU.ActiveCfg = Release|Any CPU
		{D1479BBE-90E4-44E9-97AE-22EF8F00311E}.Release|Any CPU.Build.0 = Release|Any CPU
		{EE5EFC13-771D-40D2-B3C7-BDA57E50D25F}.Debug|Any CPU.ActiveCfg = Debug|Any CPU
		{EE5EFC13-771D-40D2-B3C7-BDA57E50D25F}.Debug|Any CPU.Build.0 = Debug|Any CPU
		{EE5EFC13-771D-40D2-B3C7-BDA57E50D25F}.Release|Any CPU.ActiveCfg = Release|Any CPU
		{EE5EFC13-771D-40D2-B3C7-BDA57E50D25F}.Release|Any CPU.Build.0 = Release|Any CPU
		{39140601-D8E3-444D-A036-78F16D4F8B26}.Debug|Any CPU.ActiveCfg = Debug|Any CPU
		{39140601-D8E3-444D-A036-78F16D4F8B26}.Debug|Any CPU.Build.0 = Debug|Any CPU
		{39140601-D8E3-444D-A036-78F16D4F8B26}.Release|Any CPU.ActiveCfg = Release|Any CPU
		{39140601-D8E3-444D-A036-78F16D4F8B26}.Release|Any CPU.Build.0 = Release|Any CPU
		{B8CE9EEE-3382-4568-8816-B8D770E8D64C}.Debug|Any CPU.ActiveCfg = Debug|Any CPU
		{B8CE9EEE-3382-4568-8816-B8D770E8D64C}.Debug|Any CPU.Build.0 = Debug|Any CPU
		{B8CE9EEE-3382-4568-8816-B8D770E8D64C}.Release|Any CPU.ActiveCfg = Release|Any CPU
		{B8CE9EEE-3382-4568-8816-B8D770E8D64C}.Release|Any CPU.Build.0 = Release|Any CPU
	EndGlobalSection
	GlobalSection(SolutionProperties) = preSolution
		HideSolutionNode = FALSE
	EndGlobalSection
	GlobalSection(ExtensibilityGlobals) = postSolution
		SolutionGuid = {BADEF8A7-AE52-4257-979E-B96AAC294659}
	EndGlobalSection
EndGlobal
