
Microsoft Visual Studio Solution File, Format Version 12.00
# Visual Studio Version 17
VisualStudioVersion = 17.11.35312.102
MinimumVisualStudioVersion = 10.0.40219.1
Project("{FAE04EC0-301F-11D3-BF4B-00C04F79EFBC}") = "TryCatch", "TryCatch\TryCatch.csproj", "{A47E80E4-8F7F-482F-891D-14618562804E}"
EndProject
Global
	GlobalSection(SolutionConfigurationPlatforms) = preSolution
		Debug|Any CPU = Debug|Any CPU
		Release|Any CPU = Release|Any CPU
	EndGlobalSection
	GlobalSection(ProjectConfigurationPlatforms) = postSolution
		{A47E80E4-8F7F-482F-891D-14618562804E}.Debug|Any CPU.ActiveCfg = Debug|Any CPU
		{A47E80E4-8F7F-482F-891D-14618562804E}.Debug|Any CPU.Build.0 = Debug|Any CPU
		{A47E80E4-8F7F-482F-891D-14618562804E}.Release|Any CPU.ActiveCfg = Release|Any CPU
		{A47E80E4-8F7F-482F-891D-14618562804E}.Release|Any CPU.Build.0 = Release|Any CPU
	EndGlobalSection
	GlobalSection(SolutionProperties) = preSolution
		HideSolutionNode = FALSE
	EndGlobalSection
	GlobalSection(ExtensibilityGlobals) = postSolution
		SolutionGuid = {F228E704-1B4C-4D5E-979E-608994B9EA61}
	EndGlobalSection
EndGlobal
