
Microsoft Visual Studio Solution File, Format Version 12.00
# Visual Studio Version 17
VisualStudioVersion = 17.11.35312.102
MinimumVisualStudioVersion = 10.0.40219.1
Project("{FAE04EC0-301F-11D3-BF4B-00C04F79EFBC}") = "RockPaperScissors", "RockPaperScissors\RockPaperScissors.csproj", "{43FBF274-06FC-42F4-89C2-12A98A7F80EA}"
EndProject
Project("{FAE04EC0-301F-11D3-BF4B-00C04F79EFBC}") = "MineSweeper", "MineSweeper\MineSweeper.csproj", "{DEDEA067-AB17-4A5D-B9AA-6C01FC794F85}"
EndProject
Global
	GlobalSection(SolutionConfigurationPlatforms) = preSolution
		Debug|Any CPU = Debug|Any CPU
		Release|Any CPU = Release|Any CPU
	EndGlobalSection
	GlobalSection(ProjectConfigurationPlatforms) = postSolution
		{43FBF274-06FC-42F4-89C2-12A98A7F80EA}.Debug|Any CPU.ActiveCfg = Debug|Any CPU
		{43FBF274-06FC-42F4-89C2-12A98A7F80EA}.Debug|Any CPU.Build.0 = Debug|Any CPU
		{43FBF274-06FC-42F4-89C2-12A98A7F80EA}.Release|Any CPU.ActiveCfg = Release|Any CPU
		{43FBF274-06FC-42F4-89C2-12A98A7F80EA}.Release|Any CPU.Build.0 = Release|Any CPU
		{DEDEA067-AB17-4A5D-B9AA-6C01FC794F85}.Debug|Any CPU.ActiveCfg = Debug|Any CPU
		{DEDEA067-AB17-4A5D-B9AA-6C01FC794F85}.Debug|Any CPU.Build.0 = Debug|Any CPU
		{DEDEA067-AB17-4A5D-B9AA-6C01FC794F85}.Release|Any CPU.ActiveCfg = Release|Any CPU
		{DEDEA067-AB17-4A5D-B9AA-6C01FC794F85}.Release|Any CPU.Build.0 = Release|Any CPU
	EndGlobalSection
	GlobalSection(SolutionProperties) = preSolution
		HideSolutionNode = FALSE
	EndGlobalSection
	GlobalSection(ExtensibilityGlobals) = postSolution
		SolutionGuid = {980B129D-C1D1-4499-AB7F-4B07FE9FD8C1}
	EndGlobalSection
EndGlobal
