
Microsoft Visual Studio Solution File, Format Version 12.00
# Visual Studio Version 17
VisualStudioVersion = 17.11.35312.102
MinimumVisualStudioVersion = 10.0.40219.1
Project("{FAE04EC0-301F-11D3-BF4B-00C04F79EFBC}") = "Day8-New", "Day8-New\Day8-New.csproj", "{6A6C0B9B-C27A-4EAC-838D-76C32E122425}"
EndProject
Global
	GlobalSection(SolutionConfigurationPlatforms) = preSolution
		Debug|Any CPU = Debug|Any CPU
		Release|Any CPU = Release|Any CPU
	EndGlobalSection
	GlobalSection(ProjectConfigurationPlatforms) = postSolution
		{6A6C0B9B-C27A-4EAC-838D-76C32E122425}.Debug|Any CPU.ActiveCfg = Debug|Any CPU
		{6A6C0B9B-C27A-4EAC-838D-76C32E122425}.Debug|Any CPU.Build.0 = Debug|Any CPU
		{6A6C0B9B-C27A-4EAC-838D-76C32E122425}.Release|Any CPU.ActiveCfg = Release|Any CPU
		{6A6C0B9B-C27A-4EAC-838D-76C32E122425}.Release|Any CPU.Build.0 = Release|Any CPU
	EndGlobalSection
	GlobalSection(SolutionProperties) = preSolution
		HideSolutionNode = FALSE
	EndGlobalSection
	GlobalSection(ExtensibilityGlobals) = postSolution
		SolutionGuid = {17617566-C631-440D-A19E-5A5E7A581D6D}
	EndGlobalSection
EndGlobal
