
Microsoft Visual Studio Solution File, Format Version 12.00
# Visual Studio Version 17
VisualStudioVersion = 17.11.35312.102
MinimumVisualStudioVersion = 10.0.40219.1
Project("{FAE04EC0-301F-11D3-BF4B-00C04F79EFBC}") = "Day6 - 1", "Day6 - 1\Day6 - 1.csproj", "{2C0264D2-F86A-44FF-9A7F-04682AC0B711}"
EndProject
Global
	GlobalSection(SolutionConfigurationPlatforms) = preSolution
		Debug|Any CPU = Debug|Any CPU
		Release|Any CPU = Release|Any CPU
	EndGlobalSection
	GlobalSection(ProjectConfigurationPlatforms) = postSolution
		{2C0264D2-F86A-44FF-9A7F-04682AC0B711}.Debug|Any CPU.ActiveCfg = Debug|Any CPU
		{2C0264D2-F86A-44FF-9A7F-04682AC0B711}.Debug|Any CPU.Build.0 = Debug|Any CPU
		{2C0264D2-F86A-44FF-9A7F-04682AC0B711}.Release|Any CPU.ActiveCfg = Release|Any CPU
		{2C0264D2-F86A-44FF-9A7F-04682AC0B711}.Release|Any CPU.Build.0 = Release|Any CPU
	EndGlobalSection
	GlobalSection(SolutionProperties) = preSolution
		HideSolutionNode = FALSE
	EndGlobalSection
	GlobalSection(ExtensibilityGlobals) = postSolution
		SolutionGuid = {49D61FA9-9AA5-42EC-8B00-77E7CA64201F}
	EndGlobalSection
EndGlobal
